
Microsoft Visual Studio Solution File, Format Version 12.00
# Visual Studio Version 17
VisualStudioVersion = 17.3.32929.385
MinimumVisualStudioVersion = 10.0.40219.1
Project("{FAE04EC0-301F-11D3-BF4B-00C04F79EFBC}") = "logic program", "logic program\logic program.csproj", "{932CB51F-D0C9-4D03-B27E-18F20D5FD03D}"
EndProject
Global
	GlobalSection(SolutionConfigurationPlatforms) = preSolution
		Debug|Any CPU = Debug|Any CPU
		Release|Any CPU = Release|Any CPU
	EndGlobalSection
	GlobalSection(ProjectConfigurationPlatforms) = postSolution
		{932CB51F-D0C9-4D03-B27E-18F20D5FD03D}.Debug|Any CPU.ActiveCfg = Debug|Any CPU
		{932CB51F-D0C9-4D03-B27E-18F20D5FD03D}.Debug|Any CPU.Build.0 = Debug|Any CPU
		{932CB51F-D0C9-4D03-B27E-18F20D5FD03D}.Release|Any CPU.ActiveCfg = Release|Any CPU
		{932CB51F-D0C9-4D03-B27E-18F20D5FD03D}.Release|Any CPU.Build.0 = Release|Any CPU
	EndGlobalSection
	GlobalSection(SolutionProperties) = preSolution
		HideSolutionNode = FALSE
	EndGlobalSection
	GlobalSection(ExtensibilityGlobals) = postSolution
		SolutionGuid = {73CF6B6D-F6EA-463F-8B01-F9F42E682D24}
	EndGlobalSection
EndGlobal
